{
  "version": 4,
  "terraform_version": "1.11.3",
  "serial": 16,
  "lineage": "874a9584-321b-6dd6-82ed-37c079f4135a",
  "outputs": {
    "name_my_pet": {
      "value": "Esse é o nome do meu pet: Sr. locally strong herring",
      "type": "string"
    },
    "person": {
      "value": {
        "age": 28,
        "name": "Igor"
      },
      "type": [
        "object",
        {
          "age": "number",
          "name": "string"
        }
      ]
    }
  },
  "resources": [
    {
      "mode": "managed",
      "type": "local_file",
      "name": "exemplo",
      "provider": "provider[\"registry.terraform.io/hashicorp/local\"]",
      "instances": [
        {
          "schema_version": 0,
          "attributes": {
            "content": "Conteúdo: valor vindo do arquivo variables.auto.tfvars\n\nMeu pet: Sr. locally strong herring\n\nValor booleano: false\n\nFruits: 3\n\nName: Igor\nAge: 28\n\nName: Igor\nAge: 28\n\nName: Igor\nAge: 28\n",
            "content_base64": null,
            "content_base64sha256": "ss5Zama9sYgh5abfYDLNdn5CGAasNHA17YWuyV56A3s=",
            "content_base64sha512": "DJb4PIkpgJ9ZRHh3DhwnCNGZbdSDysQ5hm6z8fd6EaDV9wWbHBaIaC86A62vYevT2wRdfEql2OCLnOjjAD/mAg==",
            "content_md5": "f6a5a0f9ce8d833a55b1973a3f911f8e",
            "content_sha1": "0b1e452b7c10688c4a9b2048037105db91c0474c",
            "content_sha256": "b2ce596a66bdb18821e5a6df6032cd767e421806ac347035ed85aec95e7a037b",
            "content_sha512": "0c96f83c8929809f594478770e1c2708d1996dd483cac439866eb3f1f77a11a0d5f7059b1c1688682f3a03adaf61ebd3db045d7c4aa5d8e08b9ce8e3003fe602",
            "directory_permission": "0777",
            "file_permission": "0777",
            "filename": "exemplo.txt",
            "id": "0b1e452b7c10688c4a9b2048037105db91c0474c",
            "sensitive_content": null,
            "source": null
          },
          "sensitive_attributes": [
            [
              {
                "type": "get_attr",
                "value": "sensitive_content"
              }
            ]
          ],
          "dependencies": [
            "random_pet.meu_pet"
          ]
        }
      ]
    },
    {
      "mode": "managed",
      "type": "random_pet",
      "name": "meu_pet",
      "provider": "provider[\"registry.terraform.io/hashicorp/random\"]",
      "instances": [
        {
          "schema_version": 0,
          "attributes": {
            "id": "Sr. locally strong herring",
            "keepers": null,
            "length": 3,
            "prefix": "Sr.",
            "separator": " "
          },
          "sensitive_attributes": []
        }
      ]
    }
  ],
  "check_results": null
}
