{
  "version": 4,
  "terraform_version": "1.11.3",
  "serial": 4,
  "lineage": "874a9584-321b-6dd6-82ed-37c079f4135a",
  "outputs": {},
  "resources": [
    {
      "mode": "managed",
      "type": "local_file",
      "name": "name",
      "provider": "provider[\"registry.terraform.io/hashicorp/local\"]",
      "instances": [
        {
          "schema_version": 0,
          "attributes": {
            "content": "hello jakson lima",
            "content_base64": null,
            "content_base64sha256": "5ykU2870ZO+S7V3Jxkol3alI92T7rpM0i71AzkTIVMs=",
            "content_base64sha512": "Ib2xHZMNwGrMIpV0DbL3INtLBgtEO5cYSX9KbddKNajfVEAWQxQR41WgfJIuQW8i2GSB1AGm47gNgLwGRpOjRQ==",
            "content_md5": "8221af26916b533e03a8eb8102fa1944",
            "content_sha1": "ef57fd63fbaf9092b780a635c42d8d0ba528d5c6",
            "content_sha256": "e72914dbcef464ef92ed5dc9c64a25dda948f764fbae93348bbd40ce44c854cb",
            "content_sha512": "21bdb11d930dc06acc2295740db2f720db4b060b443b9718497f4a6dd74a35a8df544016431411e355a07c922e416f22d86481d401a6e3b80d80bc064693a345",
            "directory_permission": "0777",
            "file_permission": "0777",
            "filename": "example.txt",
            "id": "ef57fd63fbaf9092b780a635c42d8d0ba528d5c6",
            "sensitive_content": null,
            "source": null
          },
          "sensitive_attributes": [
            [
              {
                "type": "get_attr",
                "value": "sensitive_content"
              }
            ]
          ]
        }
      ]
    }
  ],
  "check_results": null
}
